
Microsoft Visual Studio Solution File, Format Version 12.00
# Visual Studio 15
VisualStudioVersion = 15.0.26430.15
MinimumVisualStudioVersion = 10.0.40219.1
Project("{FAE04EC0-301F-11D3-BF4B-00C04F79EFBC}") = "WebApplication1", "WebApplication1\WebApplication1.csproj", "{48B20A6D-7B32-45C1-8211-11796B22C9ED}"
EndProject
Global
	GlobalSection(SolutionConfigurationPlatforms) = preSolution
		Debug|Any CPU = Debug|Any CPU
		Release|Any CPU = Release|Any CPU
	EndGlobalSection
	GlobalSection(ProjectConfigurationPlatforms) = postSolution
		{48B20A6D-7B32-45C1-8211-11796B22C9ED}.Debug|Any CPU.ActiveCfg = Debug|Any CPU
		{48B20A6D-7B32-45C1-8211-11796B22C9ED}.Debug|Any CPU.Build.0 = Debug|Any CPU
		{48B20A6D-7B32-45C1-8211-11796B22C9ED}.Release|Any CPU.ActiveCfg = Release|Any CPU
		{48B20A6D-7B32-45C1-8211-11796B22C9ED}.Release|Any CPU.Build.0 = Release|Any CPU
	EndGlobalSection
	GlobalSection(SolutionProperties) = preSolution
		HideSolutionNode = FALSE
	EndGlobalSection
EndGlobal
